
Microsoft Visual Studio Solution File, Format Version 12.00
# Visual Studio Version 17
VisualStudioVersion = 17.3.32811.315
MinimumVisualStudioVersion = 10.0.40219.1
Project("{FAE04EC0-301F-11D3-BF4B-00C04F79EFBC}") = "HomeWork10", "HomeWork10.csproj", "{0A7EE8F6-67F4-4EA2-817D-3F25FBC63EED}"
EndProject
Global
	GlobalSection(SolutionConfigurationPlatforms) = preSolution
		Debug|Any CPU = Debug|Any CPU
		Release|Any CPU = Release|Any CPU
	EndGlobalSection
	GlobalSection(ProjectConfigurationPlatforms) = postSolution
		{0A7EE8F6-67F4-4EA2-817D-3F25FBC63EED}.Debug|Any CPU.ActiveCfg = Debug|Any CPU
		{0A7EE8F6-67F4-4EA2-817D-3F25FBC63EED}.Debug|Any CPU.Build.0 = Debug|Any CPU
		{0A7EE8F6-67F4-4EA2-817D-3F25FBC63EED}.Release|Any CPU.ActiveCfg = Release|Any CPU
		{0A7EE8F6-67F4-4EA2-817D-3F25FBC63EED}.Release|Any CPU.Build.0 = Release|Any CPU
	EndGlobalSection
	GlobalSection(SolutionProperties) = preSolution
		HideSolutionNode = FALSE
	EndGlobalSection
	GlobalSection(ExtensibilityGlobals) = postSolution
		SolutionGuid = {0978DCE0-8B2D-4176-BC1F-31D635E21585}
	EndGlobalSection
EndGlobal
